
Microsoft Visual Studio Solution File, Format Version 12.00
# Visual Studio Version 16
VisualStudioVersion = 16.0.30320.27
MinimumVisualStudioVersion = 10.0.40219.1
Project("{F184B08F-C81C-45F6-A57F-5ABD9991F28F}") = "Asit ve Bazlar", "Asit ve Bazlar\Asit ve Bazlar.vbproj", "{F3F355B1-13FA-417B-8D9F-C1D01C75CFDF}"
EndProject
Global
	GlobalSection(SolutionConfigurationPlatforms) = preSolution
		Debug|Any CPU = Debug|Any CPU
		Release|Any CPU = Release|Any CPU
	EndGlobalSection
	GlobalSection(ProjectConfigurationPlatforms) = postSolution
		{F3F355B1-13FA-417B-8D9F-C1D01C75CFDF}.Debug|Any CPU.ActiveCfg = Debug|Any CPU
		{F3F355B1-13FA-417B-8D9F-C1D01C75CFDF}.Debug|Any CPU.Build.0 = Debug|Any CPU
		{F3F355B1-13FA-417B-8D9F-C1D01C75CFDF}.Release|Any CPU.ActiveCfg = Release|Any CPU
		{F3F355B1-13FA-417B-8D9F-C1D01C75CFDF}.Release|Any CPU.Build.0 = Release|Any CPU
	EndGlobalSection
	GlobalSection(SolutionProperties) = preSolution
		HideSolutionNode = FALSE
	EndGlobalSection
	GlobalSection(ExtensibilityGlobals) = postSolution
		SolutionGuid = {CE3E5F48-DA5C-43EA-91F2-0A37ECD4D051}
	EndGlobalSection
EndGlobal
